
Microsoft Visual Studio Solution File, Format Version 12.00
# Visual Studio Version 17
VisualStudioVersion = 17.6.33829.357
MinimumVisualStudioVersion = 10.0.40219.1
Project("{FAE04EC0-301F-11D3-BF4B-00C04F79EFBC}") = "F1API", "F1API.csproj", "{CBD8EB7D-9EA1-41EA-8EE4-E5E90311AB3C}"
EndProject
Global
	GlobalSection(SolutionConfigurationPlatforms) = preSolution
		Debug|Any CPU = Debug|Any CPU
		Release|Any CPU = Release|Any CPU
	EndGlobalSection
	GlobalSection(ProjectConfigurationPlatforms) = postSolution
		{CBD8EB7D-9EA1-41EA-8EE4-E5E90311AB3C}.Debug|Any CPU.ActiveCfg = Debug|Any CPU
		{CBD8EB7D-9EA1-41EA-8EE4-E5E90311AB3C}.Debug|Any CPU.Build.0 = Debug|Any CPU
		{CBD8EB7D-9EA1-41EA-8EE4-E5E90311AB3C}.Release|Any CPU.ActiveCfg = Release|Any CPU
		{CBD8EB7D-9EA1-41EA-8EE4-E5E90311AB3C}.Release|Any CPU.Build.0 = Release|Any CPU
	EndGlobalSection
	GlobalSection(SolutionProperties) = preSolution
		HideSolutionNode = FALSE
	EndGlobalSection
	GlobalSection(ExtensibilityGlobals) = postSolution
		SolutionGuid = {7F75CDC8-EC49-4272-9006-B5D9C649498B}
	EndGlobalSection
EndGlobal
